{
  "nodes": {
    "blobs": {
      "flake": false,
      "locked": {
        "lastModified": 1604995301,
        "owner": "simple-nixos-mailserver",
        "repo": "blobs",
        "rev": "2cccdf1ca48316f2cfd1c9a0017e8de5a7156265",
        "type": "gitlab"
      },
      "original": {
        "owner": "simple-nixos-mailserver",
        "repo": "blobs",
        "type": "gitlab"
      }
    },
    "deploy-rs": {
      "inputs": {
        "flake-compat": "flake-compat_2",
        "nixpkgs": [
          "nixos-ng",
          "nixpkgs"
        ],
        "utils": [
          "nixos-ng",
          "utils"
        ]
      },
      "locked": {
        "lastModified": 1727447169,
        "owner": "serokell",
        "repo": "deploy-rs",
        "rev": "aa07eb05537d4cd025e2310397a6adcedfe72c76",
        "type": "github"
      },
      "original": {
        "owner": "serokell",
        "repo": "deploy-rs",
        "type": "github"
      }
    },
    "devenv": {
      "locked": {
        "dir": "src/modules",
        "lastModified": 1740060074,
        "owner": "cachix",
        "repo": "devenv",
        "rev": "e773ef9f415e9925af44fc271fb2d2eaf7024741",
        "type": "github"
      },
      "original": {
        "dir": "src/modules",
        "owner": "cachix",
        "repo": "devenv",
        "type": "github"
      }
    },
    "fenix": {
      "inputs": {
        "nixpkgs": [
          "nixos-ng",
          "flake-checker",
          "nixpkgs"
        ],
        "rust-analyzer-src": "rust-analyzer-src"
      },
      "locked": {
        "lastModified": 1738391509,
        "narHash": "sha256-TC3xA++KgprECm/WPsLUd+a77MObZPElCW6eAsjVW1k=",
        "rev": "de3ea31eb651b663449361f77d9c1e8835290470",
        "revCount": 2156,
        "type": "tarball",
        "url": "https://api.flakehub.com/f/pinned/nix-community/fenix/0.1.2156%2Brev-de3ea31eb651b663449361f77d9c1e8835290470/0194c095-0041-7b9c-b19e-cf1c4a2adaad/source.tar.gz"
      },
      "original": {
        "type": "tarball",
        "url": "https://flakehub.com/f/nix-community/fenix/0.1.%2A"
      }
    },
    "flake-checker": {
      "inputs": {
        "fenix": "fenix",
        "naersk": "naersk",
        "nixpkgs": [
          "nixos-ng",
          "nixpkgs-unstable"
        ]
      },
      "locked": {
        "lastModified": 1738179765,
        "owner": "DeterminateSystems",
        "repo": "flake-checker",
        "rev": "0b03ea1859a9191fc4119965e25e226ab1d81bf9",
        "type": "github"
      },
      "original": {
        "owner": "DeterminateSystems",
        "repo": "flake-checker",
        "type": "github"
      }
    },
    "flake-compat": {
      "flake": false,
      "locked": {
        "lastModified": 1733328505,
        "owner": "edolstra",
        "repo": "flake-compat",
        "rev": "ff81ac966bb2cae68946d5ed5fc4994f96d0ffec",
        "type": "github"
      },
      "original": {
        "owner": "edolstra",
        "repo": "flake-compat",
        "type": "github"
      }
    },
    "flake-compat_2": {
      "flake": false,
      "locked": {
        "lastModified": 1733328505,
        "owner": "edolstra",
        "repo": "flake-compat",
        "rev": "ff81ac966bb2cae68946d5ed5fc4994f96d0ffec",
        "type": "github"
      },
      "original": {
        "owner": "edolstra",
        "repo": "flake-compat",
        "type": "github"
      }
    },
    "flake-compat_3": {
      "flake": false,
      "locked": {
        "lastModified": 1733328505,
        "owner": "edolstra",
        "repo": "flake-compat",
        "rev": "ff81ac966bb2cae68946d5ed5fc4994f96d0ffec",
        "type": "github"
      },
      "original": {
        "owner": "edolstra",
        "repo": "flake-compat",
        "type": "github"
      }
    },
    "git-hooks": {
      "inputs": {
        "flake-compat": "flake-compat",
        "gitignore": "gitignore",
        "nixpkgs": [
          "nixpkgs"
        ]
      },
      "locked": {
        "lastModified": 1737465171,
        "owner": "cachix",
        "repo": "git-hooks.nix",
        "rev": "9364dc02281ce2d37a1f55b6e51f7c0f65a75f17",
        "type": "github"
      },
      "original": {
        "owner": "cachix",
        "repo": "git-hooks.nix",
        "type": "github"
      }
    },
    "gitignore": {
      "inputs": {
        "nixpkgs": [
          "git-hooks",
          "nixpkgs"
        ]
      },
      "locked": {
        "lastModified": 1709087332,
        "owner": "hercules-ci",
        "repo": "gitignore.nix",
        "rev": "637db329424fd7e46cf4185293b9cc8c88c95394",
        "type": "github"
      },
      "original": {
        "owner": "hercules-ci",
        "repo": "gitignore.nix",
        "type": "github"
      }
    },
    "home-manager": {
      "inputs": {
        "nixpkgs": [
          "nixos-ng",
          "nixpkgs"
        ]
      },
      "locked": {
        "lastModified": 1739757849,
        "owner": "nix-community",
        "repo": "home-manager",
        "rev": "9d3d080aec2a35e05a15cedd281c2384767c2cfe",
        "type": "github"
      },
      "original": {
        "owner": "nix-community",
        "ref": "release-24.11",
        "repo": "home-manager",
        "type": "github"
      }
    },
    "naersk": {
      "inputs": {
        "nixpkgs": [
          "nixos-ng",
          "flake-checker",
          "nixpkgs"
        ]
      },
      "locked": {
        "lastModified": 1739824009,
        "narHash": "sha256-fcNrCMUWVLMG3gKC5M9CBqVOAnJtyRvGPxptQFl5mVg=",
        "rev": "e5130d37369bfa600144c2424270c96f0ef0e11d",
        "revCount": 353,
        "type": "tarball",
        "url": "https://api.flakehub.com/f/pinned/nix-community/naersk/0.1.353%2Brev-e5130d37369bfa600144c2424270c96f0ef0e11d/01951598-92fa-764c-8408-f0d9553cc05e/source.tar.gz"
      },
      "original": {
        "type": "tarball",
        "url": "https://flakehub.com/f/nix-community/naersk/0.1.%2A"
      }
    },
    "nix-index-database": {
      "inputs": {
        "nixpkgs": [
          "nixos-ng",
          "nixpkgs"
        ]
      },
      "locked": {
        "lastModified": 1739676768,
        "owner": "nix-community",
        "repo": "nix-index-database",
        "rev": "ae15068e79e22b76c344f0d7f8aed1bb1c5b0b63",
        "type": "github"
      },
      "original": {
        "owner": "nix-community",
        "repo": "nix-index-database",
        "type": "github"
      }
    },
    "nixos-hardware": {
      "locked": {
        "lastModified": 1740089251,
        "owner": "NixOS",
        "repo": "nixos-hardware",
        "rev": "18e9f9753e9ae261bcc7d3abe15745686991fd30",
        "type": "github"
      },
      "original": {
        "owner": "NixOS",
        "ref": "master",
        "repo": "nixos-hardware",
        "type": "github"
      }
    },
    "nixos-ng": {
      "inputs": {
        "deploy-rs": "deploy-rs",
        "flake-checker": "flake-checker",
        "home-manager": "home-manager",
        "nix-index-database": "nix-index-database",
        "nixos-hardware": "nixos-hardware",
        "nixpkgs": "nixpkgs",
        "nixpkgs-unstable": "nixpkgs-unstable",
        "pical": "pical",
        "rust-overlay": "rust-overlay",
        "simple-nixos-mailserver": "simple-nixos-mailserver",
        "sops-nix": "sops-nix",
        "utils": "utils",
        "wallpapers": "wallpapers"
      },
      "locked": {
        "host": "git.cobalt.rocks",
        "lastModified": 1740148904,
        "owner": "shared-configs",
        "repo": "nixos-ng",
        "rev": "b256a8e75c0eae304b0e301365c2d52b226e2a74",
        "type": "gitlab"
      },
      "original": {
        "host": "git.cobalt.rocks",
        "owner": "shared-configs",
        "repo": "nixos-ng",
        "type": "gitlab"
      }
    },
    "nixpkgs": {
      "locked": {
        "lastModified": 1739923778,
        "owner": "NixOS",
        "repo": "nixpkgs",
        "rev": "36864ed72f234b9540da4cf7a0c49e351d30d3f1",
        "type": "github"
      },
      "original": {
        "owner": "NixOS",
        "ref": "nixos-24.11",
        "repo": "nixpkgs",
        "type": "github"
      }
    },
    "nixpkgs-unstable": {
      "locked": {
        "lastModified": 1739866667,
        "owner": "NixOS",
        "repo": "nixpkgs",
        "rev": "73cf49b8ad837ade2de76f87eb53fc85ed5d4680",
        "type": "github"
      },
      "original": {
        "owner": "NixOS",
        "ref": "nixos-unstable",
        "repo": "nixpkgs",
        "type": "github"
      }
    },
    "nixpkgs_2": {
      "locked": {
        "lastModified": 1740019556,
        "owner": "NixOS",
        "repo": "nixpkgs",
        "rev": "dad564433178067be1fbdfcce23b546254b6d641",
        "type": "github"
      },
      "original": {
        "owner": "NixOS",
        "ref": "nixpkgs-unstable",
        "repo": "nixpkgs",
        "type": "github"
      }
    },
    "nixpkgs_3": {
      "locked": {
        "lastModified": 1733477122,
        "owner": "cachix",
        "repo": "devenv-nixpkgs",
        "rev": "7bd9e84d0452f6d2e63b6e6da29fe73fac951857",
        "type": "github"
      },
      "original": {
        "owner": "cachix",
        "ref": "rolling",
        "repo": "devenv-nixpkgs",
        "type": "github"
      }
    },
    "pical": {
      "inputs": {
        "nixpkgs": [
          "nixos-ng",
          "nixpkgs"
        ],
        "utils": [
          "nixos-ng",
          "utils"
        ]
      },
      "locked": {
        "host": "git.tu-berlin.de",
        "lastModified": 1731085821,
        "owner": "cobalt.rocks",
        "repo": "pical",
        "rev": "bd0a5e56cfe5415b08289c43a36765b2b6a8c025",
        "type": "gitlab"
      },
      "original": {
        "host": "git.tu-berlin.de",
        "owner": "cobalt.rocks",
        "repo": "pical",
        "type": "gitlab"
      }
    },
    "root": {
      "inputs": {
        "devenv": "devenv",
        "git-hooks": "git-hooks",
        "nixos-ng": "nixos-ng",
        "nixpkgs": "nixpkgs_3",
        "pre-commit-hooks": [
          "git-hooks"
        ]
      }
    },
    "rust-analyzer-src": {
      "flake": false,
      "locked": {
        "lastModified": 1740077634,
        "owner": "rust-lang",
        "repo": "rust-analyzer",
        "rev": "88fbdcd510e79ef3bcd81d6d9d4f07bdce84be8c",
        "type": "github"
      },
      "original": {
        "owner": "rust-lang",
        "ref": "nightly",
        "repo": "rust-analyzer",
        "type": "github"
      }
    },
    "rust-overlay": {
      "inputs": {
        "nixpkgs": "nixpkgs_2"
      },
      "locked": {
        "lastModified": 1740104932,
        "owner": "oxalica",
        "repo": "rust-overlay",
        "rev": "c932b3873a5d56126bc1f1416fb8a58315f86c17",
        "type": "github"
      },
      "original": {
        "owner": "oxalica",
        "repo": "rust-overlay",
        "type": "github"
      }
    },
    "simple-nixos-mailserver": {
      "inputs": {
        "blobs": "blobs",
        "flake-compat": "flake-compat_3",
        "nixpkgs": [
          "nixos-ng",
          "nixpkgs-unstable"
        ],
        "nixpkgs-24_11": [
          "nixos-ng",
          "nixpkgs"
        ]
      },
      "locked": {
        "lastModified": 1734884447,
        "owner": "simple-nixos-mailserver",
        "repo": "nixos-mailserver",
        "rev": "63209b1def2c9fc891ad271f474a3464a5833294",
        "type": "gitlab"
      },
      "original": {
        "owner": "simple-nixos-mailserver",
        "ref": "nixos-24.11",
        "repo": "nixos-mailserver",
        "type": "gitlab"
      }
    },
    "sops-nix": {
      "inputs": {
        "nixpkgs": [
          "nixos-ng",
          "nixpkgs-unstable"
        ]
      },
      "locked": {
        "lastModified": 1739262228,
        "owner": "Mic92",
        "repo": "sops-nix",
        "rev": "07af005bb7d60c7f118d9d9f5530485da5d1e975",
        "type": "github"
      },
      "original": {
        "owner": "Mic92",
        "ref": "master",
        "repo": "sops-nix",
        "type": "github"
      }
    },
    "systems": {
      "locked": {
        "lastModified": 1681028828,
        "owner": "nix-systems",
        "repo": "default",
        "rev": "da67096a3b9bf56a91d16901293e51ba5b49a27e",
        "type": "github"
      },
      "original": {
        "owner": "nix-systems",
        "repo": "default",
        "type": "github"
      }
    },
    "utils": {
      "inputs": {
        "systems": "systems"
      },
      "locked": {
        "lastModified": 1731533236,
        "owner": "numtide",
        "repo": "flake-utils",
        "rev": "11707dc2f618dd54ca8739b309ec4fc024de578b",
        "type": "github"
      },
      "original": {
        "owner": "numtide",
        "repo": "flake-utils",
        "type": "github"
      }
    },
    "wallpapers": {
      "flake": false,
      "locked": {
        "host": "git.cobalt.rocks",
        "lastModified": 1732217407,
        "owner": "cobalt",
        "repo": "wallpapers",
        "rev": "e0a297abe921277b67902dcde18441d40c439ecc",
        "type": "gitlab"
      },
      "original": {
        "host": "git.cobalt.rocks",
        "owner": "cobalt",
        "ref": "main",
        "repo": "wallpapers",
        "type": "gitlab"
      }
    }
  },
  "root": "root",
  "version": 7
}
